
Microsoft Visual Studio Solution File, Format Version 12.00
# Visual Studio Version 17
VisualStudioVersion = 17.13.35931.197 d17.13
MinimumVisualStudioVersion = 10.0.40219.1
Project("{FAE04EC0-301F-11D3-BF4B-00C04F79EFBC}") = "ComputerPartsStore", "ComputerPartsStore\ComputerPartsStore.csproj", "{AE1055FD-D831-4163-8433-E1EAF5919489}"
EndProject
Global
	GlobalSection(SolutionConfigurationPlatforms) = preSolution
		Debug|Any CPU = Debug|Any CPU
		Release|Any CPU = Release|Any CPU
	EndGlobalSection
	GlobalSection(ProjectConfigurationPlatforms) = postSolution
		{AE1055FD-D831-4163-8433-E1EAF5919489}.Debug|Any CPU.ActiveCfg = Debug|Any CPU
		{AE1055FD-D831-4163-8433-E1EAF5919489}.Debug|Any CPU.Build.0 = Debug|Any CPU
		{AE1055FD-D831-4163-8433-E1EAF5919489}.Release|Any CPU.ActiveCfg = Release|Any CPU
		{AE1055FD-D831-4163-8433-E1EAF5919489}.Release|Any CPU.Build.0 = Release|Any CPU
	EndGlobalSection
	GlobalSection(SolutionProperties) = preSolution
		HideSolutionNode = FALSE
	EndGlobalSection
	GlobalSection(ExtensibilityGlobals) = postSolution
		SolutionGuid = {E9F9EA1D-7C42-4B96-85CA-9B5622ADFE37}
	EndGlobalSection
EndGlobal
