
Microsoft Visual Studio Solution File, Format Version 12.00
# Visual Studio Version 17
VisualStudioVersion = 17.13.35931.197 d17.13
MinimumVisualStudioVersion = 10.0.40219.1
Project("{FAE04EC0-301F-11D3-BF4B-00C04F79EFBC}") = "Carlos Computer Parts Shop", "Carlos Computer Parts Shop\Carlos Computer Parts Shop.csproj", "{58B725EB-842E-4419-A250-4B1A87013DA3}"
EndProject
Project("{2150E333-8FDC-42A3-9474-1A3956D46DE8}") = "Solution Items", "Solution Items", "{8EC462FD-D22E-90A8-E5CE-7E832BA40C5D}"
	ProjectSection(SolutionItems) = preProject
		..\ComputerPartsStore\.editorconfig = ..\ComputerPartsStore\.editorconfig
		..\ComputerPartsStore\App.config = ..\ComputerPartsStore\App.config
		..\ComputerPartsStore\CategoriesForm.cs = ..\ComputerPartsStore\CategoriesForm.cs
		..\ComputerPartsStore\CategoriesForm.Designer.cs = ..\ComputerPartsStore\CategoriesForm.Designer.cs
		..\ComputerPartsStore\CategoriesForm.resx = ..\ComputerPartsStore\CategoriesForm.resx
		..\ComputerPartsStore\ComputerPartsStore.csproj = ..\ComputerPartsStore\ComputerPartsStore.csproj
		..\ComputerPartsStore\CustomersForm.cs = ..\ComputerPartsStore\CustomersForm.cs
		..\ComputerPartsStore\CustomersForm.Designer.cs = ..\ComputerPartsStore\CustomersForm.Designer.cs
		..\ComputerPartsStore\CustomersForm.resx = ..\ComputerPartsStore\CustomersForm.resx
		..\ComputerPartsStore\LoginForm.cs = ..\ComputerPartsStore\LoginForm.cs
		..\ComputerPartsStore\LoginForm.Designer.cs = ..\ComputerPartsStore\LoginForm.Designer.cs
		..\ComputerPartsStore\LoginForm.resx = ..\ComputerPartsStore\LoginForm.resx
		..\ComputerPartsStore\Navigation Form.cs = ..\ComputerPartsStore\Navigation Form.cs
		..\ComputerPartsStore\Navigation Form.Designer.cs = ..\ComputerPartsStore\Navigation Form.Designer.cs
		..\ComputerPartsStore\Navigation Form.resx = ..\ComputerPartsStore\Navigation Form.resx
		..\ComputerPartsStore\OrdersForm.cs = ..\ComputerPartsStore\OrdersForm.cs
		..\ComputerPartsStore\OrdersForm.Designer.cs = ..\ComputerPartsStore\OrdersForm.Designer.cs
		..\ComputerPartsStore\OrdersForm.resx = ..\ComputerPartsStore\OrdersForm.resx
		..\ComputerPartsStore\packages.config = ..\ComputerPartsStore\packages.config
		..\ComputerPartsStore\Password Recovery Form.cs = ..\ComputerPartsStore\Password Recovery Form.cs
		..\ComputerPartsStore\Password Recovery Form.Designer.cs = ..\ComputerPartsStore\Password Recovery Form.Designer.cs
		..\ComputerPartsStore\Password Recovery Form.resx = ..\ComputerPartsStore\Password Recovery Form.resx
		..\ComputerPartsStore\ProductsForm.cs = ..\ComputerPartsStore\ProductsForm.cs
		..\ComputerPartsStore\ProductsForm.Designer.cs = ..\ComputerPartsStore\ProductsForm.Designer.cs
		..\ComputerPartsStore\ProductsForm.resx = ..\ComputerPartsStore\ProductsForm.resx
		..\ComputerPartsStore\Program.cs = ..\ComputerPartsStore\Program.cs
		..\ComputerPartsStore\Signup Form.cs = ..\ComputerPartsStore\Signup Form.cs
		..\ComputerPartsStore\Signup Form.Designer.cs = ..\ComputerPartsStore\Signup Form.Designer.cs
		..\ComputerPartsStore\Signup Form.resx = ..\ComputerPartsStore\Signup Form.resx
		..\ComputerPartsStore\Suppliers Form.cs = ..\ComputerPartsStore\Suppliers Form.cs
		..\ComputerPartsStore\Suppliers Form.Designer.cs = ..\ComputerPartsStore\Suppliers Form.Designer.cs
		..\ComputerPartsStore\Suppliers Form.resx = ..\ComputerPartsStore\Suppliers Form.resx
		..\ComputerPartsStore\UserForm.cs = ..\ComputerPartsStore\UserForm.cs
		..\ComputerPartsStore\UserForm.Designer.cs = ..\ComputerPartsStore\UserForm.Designer.cs
		..\ComputerPartsStore\UserForm.resx = ..\ComputerPartsStore\UserForm.resx
	EndProjectSection
EndProject
Global
	GlobalSection(SolutionConfigurationPlatforms) = preSolution
		Debug|Any CPU = Debug|Any CPU
		Release|Any CPU = Release|Any CPU
	EndGlobalSection
	GlobalSection(ProjectConfigurationPlatforms) = postSolution
		{58B725EB-842E-4419-A250-4B1A87013DA3}.Debug|Any CPU.ActiveCfg = Debug|Any CPU
		{58B725EB-842E-4419-A250-4B1A87013DA3}.Debug|Any CPU.Build.0 = Debug|Any CPU
		{58B725EB-842E-4419-A250-4B1A87013DA3}.Release|Any CPU.ActiveCfg = Release|Any CPU
		{58B725EB-842E-4419-A250-4B1A87013DA3}.Release|Any CPU.Build.0 = Release|Any CPU
	EndGlobalSection
	GlobalSection(SolutionProperties) = preSolution
		HideSolutionNode = FALSE
	EndGlobalSection
	GlobalSection(ExtensibilityGlobals) = postSolution
		SolutionGuid = {9366CD4D-C232-4776-92AA-FCFC66BBF7D8}
	EndGlobalSection
EndGlobal
